
Microsoft Visual Studio Solution File, Format Version 12.00
# Visual Studio Version 17
VisualStudioVersion = 17.7.34031.279
MinimumVisualStudioVersion = 10.0.40219.1
Project("{FAE04EC0-301F-11D3-BF4B-00C04F79EFBC}") = "PersonsManagement", "PersonsManagement.csproj", "{95C8DA2C-CD24-4EBC-9C2E-43D54964E6BE}"
EndProject
Global
	GlobalSection(SolutionConfigurationPlatforms) = preSolution
		Debug|Any CPU = Debug|Any CPU
		Release|Any CPU = Release|Any CPU
	EndGlobalSection
	GlobalSection(ProjectConfigurationPlatforms) = postSolution
		{95C8DA2C-CD24-4EBC-9C2E-43D54964E6BE}.Debug|Any CPU.ActiveCfg = Debug|Any CPU
		{95C8DA2C-CD24-4EBC-9C2E-43D54964E6BE}.Debug|Any CPU.Build.0 = Debug|Any CPU
		{95C8DA2C-CD24-4EBC-9C2E-43D54964E6BE}.Release|Any CPU.ActiveCfg = Release|Any CPU
		{95C8DA2C-CD24-4EBC-9C2E-43D54964E6BE}.Release|Any CPU.Build.0 = Release|Any CPU
	EndGlobalSection
	GlobalSection(SolutionProperties) = preSolution
		HideSolutionNode = FALSE
	EndGlobalSection
	GlobalSection(ExtensibilityGlobals) = postSolution
		SolutionGuid = {604E7F51-8C86-4B69-AFF9-A9A387793D33}
	EndGlobalSection
EndGlobal
